// !$*UTF8*$!
{
	archiveVersion = 1;
	classes = {
	};
	objectVersion = 51;
	objects = {

/* Begin PBXBuildFile section */
		88053B5723A099E7005EFD3D /* FavoriteViewController+Extension.swift in Sources */ = {isa = PBXBuildFile; fileRef = 88053B5623A099E7005EFD3D /* FavoriteViewController+Extension.swift */; };
		8808EEF123864EA400E598B7 /* SearchResultMapper.swift in Sources */ = {isa = PBXBuildFile; fileRef = 8808EEF023864EA400E598B7 /* SearchResultMapper.swift */; };
		880A7EE223829F3C005425AE /* AppDelegate.swift in Sources */ = {isa = PBXBuildFile; fileRef = 880A7EE123829F3C005425AE /* AppDelegate.swift */; };
		880A7EE923829F3C005425AE /* Main.storyboard in Resources */ = {isa = PBXBuildFile; fileRef = 880A7EE723829F3C005425AE /* Main.storyboard */; };
		880A7EEE23829F3E005425AE /* Assets.xcassets in Resources */ = {isa = PBXBuildFile; fileRef = 880A7EED23829F3E005425AE /* Assets.xcassets */; };
		880A7EF123829F3E005425AE /* LaunchScreen.storyboard in Resources */ = {isa = PBXBuildFile; fileRef = 880A7EEF23829F3E005425AE /* LaunchScreen.storyboard */; };
		8824FEE723892B9F00E6263F /* NetworkClient.swift in Sources */ = {isa = PBXBuildFile; fileRef = 8824FEE623892B9F00E6263F /* NetworkClient.swift */; };
		8824FEE923892BB400E6263F /* NetworkClient+Constants.swift in Sources */ = {isa = PBXBuildFile; fileRef = 8824FEE823892BB400E6263F /* NetworkClient+Constants.swift */; };
		8824FEEB23892C1100E6263F /* NetworkClientProtocol.swift in Sources */ = {isa = PBXBuildFile; fileRef = 8824FEEA23892C1100E6263F /* NetworkClientProtocol.swift */; };
		883E9A92239E67D900589D98 /* ResultViewController+TableView.swift in Sources */ = {isa = PBXBuildFile; fileRef = 883E9A91239E67D900589D98 /* ResultViewController+TableView.swift */; };
		8845D8302397DA54007C7C38 /* Favorites+CoreDataClass.swift in Sources */ = {isa = PBXBuildFile; fileRef = 8845D82D2397DA53007C7C38 /* Favorites+CoreDataClass.swift */; };
		8845D8312397DA54007C7C38 /* Keyword+CoreDataClass.swift in Sources */ = {isa = PBXBuildFile; fileRef = 8845D82E2397DA53007C7C38 /* Keyword+CoreDataClass.swift */; };
		8845D8322397DA54007C7C38 /* SearchItem+CoreDataClass.swift in Sources */ = {isa = PBXBuildFile; fileRef = 8845D82F2397DA53007C7C38 /* SearchItem+CoreDataClass.swift */; };
		8845D8342397DEB0007C7C38 /* SearchItemProtocol.swift in Sources */ = {isa = PBXBuildFile; fileRef = 8845D8332397DEB0007C7C38 /* SearchItemProtocol.swift */; };
		8845D8362397DEBD007C7C38 /* FavoritesProtocol.swift in Sources */ = {isa = PBXBuildFile; fileRef = 8845D8352397DEBD007C7C38 /* FavoritesProtocol.swift */; };
		8845D8382397DEE0007C7C38 /* KeywordProtocol.swift in Sources */ = {isa = PBXBuildFile; fileRef = 8845D8372397DEE0007C7C38 /* KeywordProtocol.swift */; };
		8845D83A2397E265007C7C38 /* SearchItemCoreData.swift in Sources */ = {isa = PBXBuildFile; fileRef = 8845D8392397E265007C7C38 /* SearchItemCoreData.swift */; };
		8845D83C2397E27F007C7C38 /* FavoritesCoreData.swift in Sources */ = {isa = PBXBuildFile; fileRef = 8845D83B2397E27F007C7C38 /* FavoritesCoreData.swift */; };
		8845D83E2397E3CC007C7C38 /* KeywordCoreData.swift in Sources */ = {isa = PBXBuildFile; fileRef = 8845D83D2397E3CC007C7C38 /* KeywordCoreData.swift */; };
		8851F3702384E13800AED241 /* FavoriteViewController.swift in Sources */ = {isa = PBXBuildFile; fileRef = 8851F36F2384E13800AED241 /* FavoriteViewController.swift */; };
		8853B506238C1F3A006F64A3 /* PriceViewController.swift in Sources */ = {isa = PBXBuildFile; fileRef = 8853B505238C1F3A006F64A3 /* PriceViewController.swift */; };
		886411552386AFE70073E13E /* DataController.swift in Sources */ = {isa = PBXBuildFile; fileRef = 886411542386AFE70073E13E /* DataController.swift */; };
		886411622386BB520073E13E /* SceneDelegate.swift in Sources */ = {isa = PBXBuildFile; fileRef = 886411612386BB520073E13E /* SceneDelegate.swift */; };
		88699C97239FB09D00BBF56A /* GabiM.xcdatamodeld in Sources */ = {isa = PBXBuildFile; fileRef = 88699C95239FB09D00BBF56A /* GabiM.xcdatamodeld */; };
		88A7183F238F7040005F607A /* ResultTableViewCell.swift in Sources */ = {isa = PBXBuildFile; fileRef = 88A7183D238F703F005F607A /* ResultTableViewCell.swift */; };
		88A71840238F7040005F607A /* ResultTableViewCell.xib in Resources */ = {isa = PBXBuildFile; fileRef = 88A7183E238F7040005F607A /* ResultTableViewCell.xib */; };
		88AF2AAE238EACB500C343DD /* APIManager.swift in Sources */ = {isa = PBXBuildFile; fileRef = 88AF2AAD238EACB500C343DD /* APIManager.swift */; };
		88AF2AB0238EB38F00C343DD /* APIConstant.swift in Sources */ = {isa = PBXBuildFile; fileRef = 88AF2AAF238EB38F00C343DD /* APIConstant.swift */; };
		88AF2AB2238EB4E000C343DD /* APIConstantProtocol.swift in Sources */ = {isa = PBXBuildFile; fileRef = 88AF2AB1238EB4E000C343DD /* APIConstantProtocol.swift */; };
		88AF2AB4238EBEA000C343DD /* ResultViewController.swift in Sources */ = {isa = PBXBuildFile; fileRef = 88AF2AB3238EBEA000C343DD /* ResultViewController.swift */; };
		88AF2AB7238EC10800C343DD /* EmptyTableViewCell.xib in Resources */ = {isa = PBXBuildFile; fileRef = 88AF2AB5238EC10800C343DD /* EmptyTableViewCell.xib */; };
		88AF2AB8238EC10800C343DD /* EmptyTableViewCell.swift in Sources */ = {isa = PBXBuildFile; fileRef = 88AF2AB6238EC10800C343DD /* EmptyTableViewCell.swift */; };
		88B36FE4239E7CD10007C62C /* KeywordTableViewCell.swift in Sources */ = {isa = PBXBuildFile; fileRef = 88B36FE3239E7CD10007C62C /* KeywordTableViewCell.swift */; };
		88E3CA0D2393F1F10090FCB2 /* FavoriteTableViewCell.swift in Sources */ = {isa = PBXBuildFile; fileRef = 88E3CA0B2393F1F00090FCB2 /* FavoriteTableViewCell.swift */; };
		88E3CA0E2393F1F10090FCB2 /* FavoriteTableViewCell.xib in Resources */ = {isa = PBXBuildFile; fileRef = 88E3CA0C2393F1F10090FCB2 /* FavoriteTableViewCell.xib */; };
		88F46F19239F94C900ABF982 /* garbage_code in Resources */ = {isa = PBXBuildFile; fileRef = 88F46F18239F94C900ABF982 /* garbage_code */; };
		88F7BE762392B69900A9D203 /* memo in Resources */ = {isa = PBXBuildFile; fileRef = 88F7BE752392B69900A9D203 /* memo */; };
		88FE77AB2384020F001F6FAD /* UIViewController+Extensions.swift in Sources */ = {isa = PBXBuildFile; fileRef = 88FE77AA2384020F001F6FAD /* UIViewController+Extensions.swift */; };
		957523AAF032DF23B5F76527 /* Pods_Gasungbi.framework in Frameworks */ = {isa = PBXBuildFile; fileRef = C684AF159B4543026068C9E1 /* Pods_Gasungbi.framework */; };
/* End PBXBuildFile section */

/* Begin PBXFileReference section */
		88053B5623A099E7005EFD3D /* FavoriteViewController+Extension.swift */ = {isa = PBXFileReference; lastKnownFileType = sourcecode.swift; path = "FavoriteViewController+Extension.swift"; sourceTree = "<group>"; };
		8808EEF023864EA400E598B7 /* SearchResultMapper.swift */ = {isa = PBXFileReference; lastKnownFileType = sourcecode.swift; path = SearchResultMapper.swift; sourceTree = "<group>"; };
		880A7EDE23829F3C005425AE /* Gasungbi.app */ = {isa = PBXFileReference; explicitFileType = wrapper.application; includeInIndex = 0; path = Gasungbi.app; sourceTree = BUILT_PRODUCTS_DIR; };
		880A7EE123829F3C005425AE /* AppDelegate.swift */ = {isa = PBXFileReference; lastKnownFileType = sourcecode.swift; path = AppDelegate.swift; sourceTree = "<group>"; };
		880A7EE823829F3C005425AE /* Base */ = {isa = PBXFileReference; lastKnownFileType = file.storyboard; name = Base; path = Base.lproj/Main.storyboard; sourceTree = "<group>"; };
		880A7EED23829F3E005425AE /* Assets.xcassets */ = {isa = PBXFileReference; lastKnownFileType = folder.assetcatalog; path = Assets.xcassets; sourceTree = "<group>"; };
		880A7EF023829F3E005425AE /* Base */ = {isa = PBXFileReference; lastKnownFileType = file.storyboard; name = Base; path = Base.lproj/LaunchScreen.storyboard; sourceTree = "<group>"; };
		880A7EF223829F3E005425AE /* Info.plist */ = {isa = PBXFileReference; lastKnownFileType = text.plist.xml; path = Info.plist; sourceTree = "<group>"; };
		8824FEE623892B9F00E6263F /* NetworkClient.swift */ = {isa = PBXFileReference; lastKnownFileType = sourcecode.swift; path = NetworkClient.swift; sourceTree = "<group>"; };
		8824FEE823892BB400E6263F /* NetworkClient+Constants.swift */ = {isa = PBXFileReference; lastKnownFileType = sourcecode.swift; path = "NetworkClient+Constants.swift"; sourceTree = "<group>"; };
		8824FEEA23892C1100E6263F /* NetworkClientProtocol.swift */ = {isa = PBXFileReference; lastKnownFileType = sourcecode.swift; path = NetworkClientProtocol.swift; sourceTree = "<group>"; };
		883E9A91239E67D900589D98 /* ResultViewController+TableView.swift */ = {isa = PBXFileReference; lastKnownFileType = sourcecode.swift; path = "ResultViewController+TableView.swift"; sourceTree = "<group>"; };
		8845D82D2397DA53007C7C38 /* Favorites+CoreDataClass.swift */ = {isa = PBXFileReference; fileEncoding = 4; lastKnownFileType = sourcecode.swift; path = "Favorites+CoreDataClass.swift"; sourceTree = "<group>"; };
		8845D82E2397DA53007C7C38 /* Keyword+CoreDataClass.swift */ = {isa = PBXFileReference; fileEncoding = 4; lastKnownFileType = sourcecode.swift; path = "Keyword+CoreDataClass.swift"; sourceTree = "<group>"; };
		8845D82F2397DA53007C7C38 /* SearchItem+CoreDataClass.swift */ = {isa = PBXFileReference; fileEncoding = 4; lastKnownFileType = sourcecode.swift; path = "SearchItem+CoreDataClass.swift"; sourceTree = "<group>"; };
		8845D8332397DEB0007C7C38 /* SearchItemProtocol.swift */ = {isa = PBXFileReference; lastKnownFileType = sourcecode.swift; path = SearchItemProtocol.swift; sourceTree = "<group>"; };
		8845D8352397DEBD007C7C38 /* FavoritesProtocol.swift */ = {isa = PBXFileReference; lastKnownFileType = sourcecode.swift; path = FavoritesProtocol.swift; sourceTree = "<group>"; };
		8845D8372397DEE0007C7C38 /* KeywordProtocol.swift */ = {isa = PBXFileReference; lastKnownFileType = sourcecode.swift; path = KeywordProtocol.swift; sourceTree = "<group>"; };
		8845D8392397E265007C7C38 /* SearchItemCoreData.swift */ = {isa = PBXFileReference; lastKnownFileType = sourcecode.swift; path = SearchItemCoreData.swift; sourceTree = "<group>"; };
		8845D83B2397E27F007C7C38 /* FavoritesCoreData.swift */ = {isa = PBXFileReference; lastKnownFileType = sourcecode.swift; path = FavoritesCoreData.swift; sourceTree = "<group>"; };
		8845D83D2397E3CC007C7C38 /* KeywordCoreData.swift */ = {isa = PBXFileReference; lastKnownFileType = sourcecode.swift; path = KeywordCoreData.swift; sourceTree = "<group>"; };
		8851F36F2384E13800AED241 /* FavoriteViewController.swift */ = {isa = PBXFileReference; lastKnownFileType = sourcecode.swift; path = FavoriteViewController.swift; sourceTree = "<group>"; };
		8853B505238C1F3A006F64A3 /* PriceViewController.swift */ = {isa = PBXFileReference; lastKnownFileType = sourcecode.swift; path = PriceViewController.swift; sourceTree = "<group>"; };
		886411542386AFE70073E13E /* DataController.swift */ = {isa = PBXFileReference; lastKnownFileType = sourcecode.swift; path = DataController.swift; sourceTree = "<group>"; };
		886411612386BB520073E13E /* SceneDelegate.swift */ = {isa = PBXFileReference; fileEncoding = 4; lastKnownFileType = sourcecode.swift; path = SceneDelegate.swift; sourceTree = "<group>"; };
		88699C96239FB09D00BBF56A /* GabiM.xcdatamodel */ = {isa = PBXFileReference; lastKnownFileType = wrapper.xcdatamodel; path = GabiM.xcdatamodel; sourceTree = "<group>"; };
		88A7183D238F703F005F607A /* ResultTableViewCell.swift */ = {isa = PBXFileReference; fileEncoding = 4; lastKnownFileType = sourcecode.swift; name = ResultTableViewCell.swift; path = Gasungbi/Cells/ResultTableViewCell.swift; sourceTree = SOURCE_ROOT; };
		88A7183E238F7040005F607A /* ResultTableViewCell.xib */ = {isa = PBXFileReference; fileEncoding = 4; lastKnownFileType = file.xib; name = ResultTableViewCell.xib; path = Gasungbi/Cells/ResultTableViewCell.xib; sourceTree = SOURCE_ROOT; };
		88AF2AAD238EACB500C343DD /* APIManager.swift */ = {isa = PBXFileReference; lastKnownFileType = sourcecode.swift; path = APIManager.swift; sourceTree = "<group>"; };
		88AF2AAF238EB38F00C343DD /* APIConstant.swift */ = {isa = PBXFileReference; lastKnownFileType = sourcecode.swift; path = APIConstant.swift; sourceTree = "<group>"; };
		88AF2AB1238EB4E000C343DD /* APIConstantProtocol.swift */ = {isa = PBXFileReference; lastKnownFileType = sourcecode.swift; path = APIConstantProtocol.swift; sourceTree = "<group>"; };
		88AF2AB3238EBEA000C343DD /* ResultViewController.swift */ = {isa = PBXFileReference; lastKnownFileType = sourcecode.swift; path = ResultViewController.swift; sourceTree = "<group>"; };
		88AF2AB5238EC10800C343DD /* EmptyTableViewCell.xib */ = {isa = PBXFileReference; fileEncoding = 4; lastKnownFileType = file.xib; path = EmptyTableViewCell.xib; sourceTree = "<group>"; };
		88AF2AB6238EC10800C343DD /* EmptyTableViewCell.swift */ = {isa = PBXFileReference; fileEncoding = 4; lastKnownFileType = sourcecode.swift; path = EmptyTableViewCell.swift; sourceTree = "<group>"; };
		88B36FE3239E7CD10007C62C /* KeywordTableViewCell.swift */ = {isa = PBXFileReference; lastKnownFileType = sourcecode.swift; path = KeywordTableViewCell.swift; sourceTree = "<group>"; };
		88E3CA0B2393F1F00090FCB2 /* FavoriteTableViewCell.swift */ = {isa = PBXFileReference; fileEncoding = 4; lastKnownFileType = sourcecode.swift; path = FavoriteTableViewCell.swift; sourceTree = "<group>"; };
		88E3CA0C2393F1F10090FCB2 /* FavoriteTableViewCell.xib */ = {isa = PBXFileReference; fileEncoding = 4; lastKnownFileType = file.xib; path = FavoriteTableViewCell.xib; sourceTree = "<group>"; };
		88F46F18239F94C900ABF982 /* garbage_code */ = {isa = PBXFileReference; lastKnownFileType = text; path = garbage_code; sourceTree = "<group>"; };
		88F7BE752392B69900A9D203 /* memo */ = {isa = PBXFileReference; lastKnownFileType = text; path = memo; sourceTree = "<group>"; };
		88FE77AA2384020F001F6FAD /* UIViewController+Extensions.swift */ = {isa = PBXFileReference; lastKnownFileType = sourcecode.swift; path = "UIViewController+Extensions.swift"; sourceTree = "<group>"; };
		B74267E45E7356C824D07D06 /* Pods-Gasungbi.release.xcconfig */ = {isa = PBXFileReference; includeInIndex = 1; lastKnownFileType = text.xcconfig; name = "Pods-Gasungbi.release.xcconfig"; path = "Target Support Files/Pods-Gasungbi/Pods-Gasungbi.release.xcconfig"; sourceTree = "<group>"; };
		B90088343ECC6B1784E46C3C /* Pods-Gasungbi.debug.xcconfig */ = {isa = PBXFileReference; includeInIndex = 1; lastKnownFileType = text.xcconfig; name = "Pods-Gasungbi.debug.xcconfig"; path = "Target Support Files/Pods-Gasungbi/Pods-Gasungbi.debug.xcconfig"; sourceTree = "<group>"; };
		C684AF159B4543026068C9E1 /* Pods_Gasungbi.framework */ = {isa = PBXFileReference; explicitFileType = wrapper.framework; includeInIndex = 0; path = Pods_Gasungbi.framework; sourceTree = BUILT_PRODUCTS_DIR; };
/* End PBXFileReference section */

/* Begin PBXFrameworksBuildPhase section */
		880A7EDB23829F3C005425AE /* Frameworks */ = {
			isa = PBXFrameworksBuildPhase;
			buildActionMask = 2147483647;
			files = (
				957523AAF032DF23B5F76527 /* Pods_Gasungbi.framework in Frameworks */,
			);
			runOnlyForDeploymentPostprocessing = 0;
		};
/* End PBXFrameworksBuildPhase section */

/* Begin PBXGroup section */
		1138EBB92737B98CB5E593B8 /* Frameworks */ = {
			isa = PBXGroup;
			children = (
				C684AF159B4543026068C9E1 /* Pods_Gasungbi.framework */,
			);
			name = Frameworks;
			sourceTree = "<group>";
		};
		71908A0B075290309CA1A09B /* Pods */ = {
			isa = PBXGroup;
			children = (
				B90088343ECC6B1784E46C3C /* Pods-Gasungbi.debug.xcconfig */,
				B74267E45E7356C824D07D06 /* Pods-Gasungbi.release.xcconfig */,
			);
			path = Pods;
			sourceTree = "<group>";
		};
		880A7ED523829F3C005425AE = {
			isa = PBXGroup;
			children = (
				88699C95239FB09D00BBF56A /* GabiM.xcdatamodeld */,
				88F46F18239F94C900ABF982 /* garbage_code */,
				88F7BE752392B69900A9D203 /* memo */,
				880A7EE023829F3C005425AE /* Gasungbi */,
				880A7EDF23829F3C005425AE /* Products */,
				71908A0B075290309CA1A09B /* Pods */,
				1138EBB92737B98CB5E593B8 /* Frameworks */,
			);
			sourceTree = "<group>";
		};
		880A7EDF23829F3C005425AE /* Products */ = {
			isa = PBXGroup;
			children = (
				880A7EDE23829F3C005425AE /* Gasungbi.app */,
			);
			name = Products;
			sourceTree = "<group>";
		};
		880A7EE023829F3C005425AE /* Gasungbi */ = {
			isa = PBXGroup;
			children = (
				88B36FE7239E82F20007C62C /* CustomView */,
				880A7EE723829F3C005425AE /* Main.storyboard */,
				886411542386AFE70073E13E /* DataController.swift */,
				8824FEE523892B7200E6263F /* NetworkClient */,
				88FE77A9238401B6001F6FAD /* Model */,
				8853B4F8238C0322006F64A3 /* Cells */,
				888577EA238AD60000C37042 /* TableView */,
				88FE77A8238401A1001F6FAD /* Controller */,
				880A7EE123829F3C005425AE /* AppDelegate.swift */,
				886411612386BB520073E13E /* SceneDelegate.swift */,
				880A7EED23829F3E005425AE /* Assets.xcassets */,
				880A7EEF23829F3E005425AE /* LaunchScreen.storyboard */,
				880A7EF223829F3E005425AE /* Info.plist */,
			);
			path = Gasungbi;
			sourceTree = "<group>";
		};
		8824FEE523892B7200E6263F /* NetworkClient */ = {
			isa = PBXGroup;
			children = (
				8824FEE623892B9F00E6263F /* NetworkClient.swift */,
				8824FEE823892BB400E6263F /* NetworkClient+Constants.swift */,
				8824FEEA23892C1100E6263F /* NetworkClientProtocol.swift */,
				88AF2AAD238EACB500C343DD /* APIManager.swift */,
				88AF2AB1238EB4E000C343DD /* APIConstantProtocol.swift */,
				8808EEF023864EA400E598B7 /* SearchResultMapper.swift */,
				88AF2AAF238EB38F00C343DD /* APIConstant.swift */,
			);
			path = NetworkClient;
			sourceTree = "<group>";
		};
		883E9A8F239E66F800589D98 /* Favorite Table View Controller */ = {
			isa = PBXGroup;
			children = (
				8851F36F2384E13800AED241 /* FavoriteViewController.swift */,
				88053B5623A099E7005EFD3D /* FavoriteViewController+Extension.swift */,
			);
			path = "Favorite Table View Controller";
			sourceTree = "<group>";
		};
		883E9A90239E670500589D98 /* Result Table View Controller */ = {
			isa = PBXGroup;
			children = (
				88AF2AB3238EBEA000C343DD /* ResultViewController.swift */,
				883E9A91239E67D900589D98 /* ResultViewController+TableView.swift */,
			);
			path = "Result Table View Controller";
			sourceTree = "<group>";
		};
		8853B4F8238C0322006F64A3 /* Cells */ = {
			isa = PBXGroup;
			children = (
				88E3CA0B2393F1F00090FCB2 /* FavoriteTableViewCell.swift */,
				88E3CA0C2393F1F10090FCB2 /* FavoriteTableViewCell.xib */,
				88A7183D238F703F005F607A /* ResultTableViewCell.swift */,
				88A7183E238F7040005F607A /* ResultTableViewCell.xib */,
				88AF2AB6238EC10800C343DD /* EmptyTableViewCell.swift */,
				88AF2AB5238EC10800C343DD /* EmptyTableViewCell.xib */,
				88B36FE3239E7CD10007C62C /* KeywordTableViewCell.swift */,
			);
			path = Cells;
			sourceTree = "<group>";
		};
		888577EA238AD60000C37042 /* TableView */ = {
			isa = PBXGroup;
			children = (
			);
			path = TableView;
			sourceTree = "<group>";
		};
		88B36FE7239E82F20007C62C /* CustomView */ = {
			isa = PBXGroup;
			children = (
			);
			path = CustomView;
			sourceTree = "<group>";
		};
		88FE77A8238401A1001F6FAD /* Controller */ = {
			isa = PBXGroup;
			children = (
				883E9A90239E670500589D98 /* Result Table View Controller */,
				883E9A8F239E66F800589D98 /* Favorite Table View Controller */,
				88FE77AA2384020F001F6FAD /* UIViewController+Extensions.swift */,
				8853B505238C1F3A006F64A3 /* PriceViewController.swift */,
			);
			path = Controller;
			sourceTree = "<group>";
		};
		88FE77A9238401B6001F6FAD /* Model */ = {
			isa = PBXGroup;
			children = (
				8845D82E2397DA53007C7C38 /* Keyword+CoreDataClass.swift */,
				8845D8372397DEE0007C7C38 /* KeywordProtocol.swift */,
				8845D83D2397E3CC007C7C38 /* KeywordCoreData.swift */,
				8845D82F2397DA53007C7C38 /* SearchItem+CoreDataClass.swift */,
				8845D8332397DEB0007C7C38 /* SearchItemProtocol.swift */,
				8845D8392397E265007C7C38 /* SearchItemCoreData.swift */,
				8845D82D2397DA53007C7C38 /* Favorites+CoreDataClass.swift */,
				8845D8352397DEBD007C7C38 /* FavoritesProtocol.swift */,
				8845D83B2397E27F007C7C38 /* FavoritesCoreData.swift */,
			);
			path = Model;
			sourceTree = "<group>";
		};
/* End PBXGroup section */

/* Begin PBXNativeTarget section */
		880A7EDD23829F3C005425AE /* Gasungbi */ = {
			isa = PBXNativeTarget;
			buildConfigurationList = 880A7EF523829F3E005425AE /* Build configuration list for PBXNativeTarget "Gasungbi" */;
			buildPhases = (
				0BF497A0FE0B58D9D3DEF5F2 /* [CP] Check Pods Manifest.lock */,
				880A7EDA23829F3C005425AE /* Sources */,
				880A7EDB23829F3C005425AE /* Frameworks */,
				880A7EDC23829F3C005425AE /* Resources */,
				749BCDB1C5791AA244298018 /* [CP] Embed Pods Frameworks */,
			);
			buildRules = (
			);
			dependencies = (
			);
			name = Gasungbi;
			productName = Gasungbi;
			productReference = 880A7EDE23829F3C005425AE /* Gasungbi.app */;
			productType = "com.apple.product-type.application";
		};
/* End PBXNativeTarget section */

/* Begin PBXProject section */
		880A7ED623829F3C005425AE /* Project object */ = {
			isa = PBXProject;
			attributes = {
				LastSwiftUpdateCheck = 1100;
				LastUpgradeCheck = 1100;
				ORGANIZATIONNAME = "Sunmi Kang";
				TargetAttributes = {
					880A7EDD23829F3C005425AE = {
						CreatedOnToolsVersion = 11.0;
					};
				};
			};
			buildConfigurationList = 880A7ED923829F3C005425AE /* Build configuration list for PBXProject "Gasungbi" */;
			compatibilityVersion = "Xcode 9.3";
			developmentRegion = en;
			hasScannedForEncodings = 0;
			knownRegions = (
				en,
				Base,
			);
			mainGroup = 880A7ED523829F3C005425AE;
			productRefGroup = 880A7EDF23829F3C005425AE /* Products */;
			projectDirPath = "";
			projectRoot = "";
			targets = (
				880A7EDD23829F3C005425AE /* Gasungbi */,
			);
		};
/* End PBXProject section */

/* Begin PBXResourcesBuildPhase section */
		880A7EDC23829F3C005425AE /* Resources */ = {
			isa = PBXResourcesBuildPhase;
			buildActionMask = 2147483647;
			files = (
				88F7BE762392B69900A9D203 /* memo in Resources */,
				880A7EF123829F3E005425AE /* LaunchScreen.storyboard in Resources */,
				88AF2AB7238EC10800C343DD /* EmptyTableViewCell.xib in Resources */,
				88E3CA0E2393F1F10090FCB2 /* FavoriteTableViewCell.xib in Resources */,
				880A7EEE23829F3E005425AE /* Assets.xcassets in Resources */,
				880A7EE923829F3C005425AE /* Main.storyboard in Resources */,
				88A71840238F7040005F607A /* ResultTableViewCell.xib in Resources */,
				88F46F19239F94C900ABF982 /* garbage_code in Resources */,
			);
			runOnlyForDeploymentPostprocessing = 0;
		};
/* End PBXResourcesBuildPhase section */

/* Begin PBXShellScriptBuildPhase section */
		0BF497A0FE0B58D9D3DEF5F2 /* [CP] Check Pods Manifest.lock */ = {
			isa = PBXShellScriptBuildPhase;
			buildActionMask = 2147483647;
			files = (
			);
			inputFileListPaths = (
			);
			inputPaths = (
				"${PODS_PODFILE_DIR_PATH}/Podfile.lock",
				"${PODS_ROOT}/Manifest.lock",
			);
			name = "[CP] Check Pods Manifest.lock";
			outputFileListPaths = (
			);
			outputPaths = (
				"$(DERIVED_FILE_DIR)/Pods-Gasungbi-checkManifestLockResult.txt",
			);
			runOnlyForDeploymentPostprocessing = 0;
			shellPath = /bin/sh;
			shellScript = "diff \"${PODS_PODFILE_DIR_PATH}/Podfile.lock\" \"${PODS_ROOT}/Manifest.lock\" > /dev/null\nif [ $? != 0 ] ; then\n    # print error to STDERR\n    echo \"error: The sandbox is not in sync with the Podfile.lock. Run 'pod install' or update your CocoaPods installation.\" >&2\n    exit 1\nfi\n# This output is used by Xcode 'outputs' to avoid re-running this script phase.\necho \"SUCCESS\" > \"${SCRIPT_OUTPUT_FILE_0}\"\n";
			showEnvVarsInLog = 0;
		};
		749BCDB1C5791AA244298018 /* [CP] Embed Pods Frameworks */ = {
			isa = PBXShellScriptBuildPhase;
			buildActionMask = 2147483647;
			files = (
			);
			inputFileListPaths = (
				"${PODS_ROOT}/Target Support Files/Pods-Gasungbi/Pods-Gasungbi-frameworks-${CONFIGURATION}-input-files.xcfilelist",
			);
			name = "[CP] Embed Pods Frameworks";
			outputFileListPaths = (
				"${PODS_ROOT}/Target Support Files/Pods-Gasungbi/Pods-Gasungbi-frameworks-${CONFIGURATION}-output-files.xcfilelist",
			);
			runOnlyForDeploymentPostprocessing = 0;
			shellPath = /bin/sh;
			shellScript = "\"${PODS_ROOT}/Target Support Files/Pods-Gasungbi/Pods-Gasungbi-frameworks.sh\"\n";
			showEnvVarsInLog = 0;
		};
/* End PBXShellScriptBuildPhase section */

/* Begin PBXSourcesBuildPhase section */
		880A7EDA23829F3C005425AE /* Sources */ = {
			isa = PBXSourcesBuildPhase;
			buildActionMask = 2147483647;
			files = (
				8845D83C2397E27F007C7C38 /* FavoritesCoreData.swift in Sources */,
				88B36FE4239E7CD10007C62C /* KeywordTableViewCell.swift in Sources */,
				8808EEF123864EA400E598B7 /* SearchResultMapper.swift in Sources */,
				8824FEE723892B9F00E6263F /* NetworkClient.swift in Sources */,
				8845D8302397DA54007C7C38 /* Favorites+CoreDataClass.swift in Sources */,
				88AF2AB4238EBEA000C343DD /* ResultViewController.swift in Sources */,
				8845D83E2397E3CC007C7C38 /* KeywordCoreData.swift in Sources */,
				88FE77AB2384020F001F6FAD /* UIViewController+Extensions.swift in Sources */,
				8845D8342397DEB0007C7C38 /* SearchItemProtocol.swift in Sources */,
				8845D8322397DA54007C7C38 /* SearchItem+CoreDataClass.swift in Sources */,
				88699C97239FB09D00BBF56A /* GabiM.xcdatamodeld in Sources */,
				88E3CA0D2393F1F10090FCB2 /* FavoriteTableViewCell.swift in Sources */,
				8845D8312397DA54007C7C38 /* Keyword+CoreDataClass.swift in Sources */,
				8853B506238C1F3A006F64A3 /* PriceViewController.swift in Sources */,
				8845D83A2397E265007C7C38 /* SearchItemCoreData.swift in Sources */,
				8851F3702384E13800AED241 /* FavoriteViewController.swift in Sources */,
				88AF2AAE238EACB500C343DD /* APIManager.swift in Sources */,
				880A7EE223829F3C005425AE /* AppDelegate.swift in Sources */,
				88053B5723A099E7005EFD3D /* FavoriteViewController+Extension.swift in Sources */,
				88A7183F238F7040005F607A /* ResultTableViewCell.swift in Sources */,
				88AF2AB0238EB38F00C343DD /* APIConstant.swift in Sources */,
				88AF2AB8238EC10800C343DD /* EmptyTableViewCell.swift in Sources */,
				88AF2AB2238EB4E000C343DD /* APIConstantProtocol.swift in Sources */,
				8824FEE923892BB400E6263F /* NetworkClient+Constants.swift in Sources */,
				883E9A92239E67D900589D98 /* ResultViewController+TableView.swift in Sources */,
				886411622386BB520073E13E /* SceneDelegate.swift in Sources */,
				886411552386AFE70073E13E /* DataController.swift in Sources */,
				8824FEEB23892C1100E6263F /* NetworkClientProtocol.swift in Sources */,
				8845D8362397DEBD007C7C38 /* FavoritesProtocol.swift in Sources */,
				8845D8382397DEE0007C7C38 /* KeywordProtocol.swift in Sources */,
			);
			runOnlyForDeploymentPostprocessing = 0;
		};
/* End PBXSourcesBuildPhase section */

/* Begin PBXVariantGroup section */
		880A7EE723829F3C005425AE /* Main.storyboard */ = {
			isa = PBXVariantGroup;
			children = (
				880A7EE823829F3C005425AE /* Base */,
			);
			name = Main.storyboard;
			sourceTree = "<group>";
		};
		880A7EEF23829F3E005425AE /* LaunchScreen.storyboard */ = {
			isa = PBXVariantGroup;
			children = (
				880A7EF023829F3E005425AE /* Base */,
			);
			name = LaunchScreen.storyboard;
			sourceTree = "<group>";
		};
/* End PBXVariantGroup section */

/* Begin XCBuildConfiguration section */
		880A7EF323829F3E005425AE /* Debug */ = {
			isa = XCBuildConfiguration;
			buildSettings = {
				ALWAYS_SEARCH_USER_PATHS = NO;
				CLANG_ANALYZER_NONNULL = YES;
				CLANG_ANALYZER_NUMBER_OBJECT_CONVERSION = YES_AGGRESSIVE;
				CLANG_CXX_LANGUAGE_STANDARD = "gnu++14";
				CLANG_CXX_LIBRARY = "libc++";
				CLANG_ENABLE_MODULES = YES;
				CLANG_ENABLE_OBJC_ARC = YES;
				CLANG_ENABLE_OBJC_WEAK = YES;
				CLANG_WARN_BLOCK_CAPTURE_AUTORELEASING = YES;
				CLANG_WARN_BOOL_CONVERSION = YES;
				CLANG_WARN_COMMA = YES;
				CLANG_WARN_CONSTANT_CONVERSION = YES;
				CLANG_WARN_DEPRECATED_OBJC_IMPLEMENTATIONS = YES;
				CLANG_WARN_DIRECT_OBJC_ISA_USAGE = YES_ERROR;
				CLANG_WARN_DOCUMENTATION_COMMENTS = YES;
				CLANG_WARN_EMPTY_BODY = YES;
				CLANG_WARN_ENUM_CONVERSION = YES;
				CLANG_WARN_INFINITE_RECURSION = YES;
				CLANG_WARN_INT_CONVERSION = YES;
				CLANG_WARN_NON_LITERAL_NULL_CONVERSION = YES;
				CLANG_WARN_OBJC_IMPLICIT_RETAIN_SELF = YES;
				CLANG_WARN_OBJC_LITERAL_CONVERSION = YES;
				CLANG_WARN_OBJC_ROOT_CLASS = YES_ERROR;
				CLANG_WARN_RANGE_LOOP_ANALYSIS = YES;
				CLANG_WARN_STRICT_PROTOTYPES = YES;
				CLANG_WARN_SUSPICIOUS_MOVE = YES;
				CLANG_WARN_UNGUARDED_AVAILABILITY = YES_AGGRESSIVE;
				CLANG_WARN_UNREACHABLE_CODE = YES;
				CLANG_WARN__DUPLICATE_METHOD_MATCH = YES;
				COPY_PHASE_STRIP = NO;
				DEBUG_INFORMATION_FORMAT = dwarf;
				ENABLE_STRICT_OBJC_MSGSEND = YES;
				ENABLE_TESTABILITY = YES;
				GCC_C_LANGUAGE_STANDARD = gnu11;
				GCC_DYNAMIC_NO_PIC = NO;
				GCC_NO_COMMON_BLOCKS = YES;
				GCC_OPTIMIZATION_LEVEL = 0;
				GCC_PREPROCESSOR_DEFINITIONS = (
					"DEBUG=1",
					"$(inherited)",
				);
				GCC_WARN_64_TO_32_BIT_CONVERSION = YES;
				GCC_WARN_ABOUT_RETURN_TYPE = YES_ERROR;
				GCC_WARN_UNDECLARED_SELECTOR = YES;
				GCC_WARN_UNINITIALIZED_AUTOS = YES_AGGRESSIVE;
				GCC_WARN_UNUSED_FUNCTION = YES;
				GCC_WARN_UNUSED_VARIABLE = YES;
				IPHONEOS_DEPLOYMENT_TARGET = 13.0;
				MTL_ENABLE_DEBUG_INFO = INCLUDE_SOURCE;
				MTL_FAST_MATH = YES;
				ONLY_ACTIVE_ARCH = YES;
				SDKROOT = iphoneos;
				SWIFT_ACTIVE_COMPILATION_CONDITIONS = DEBUG;
				SWIFT_OPTIMIZATION_LEVEL = "-Onone";
			};
			name = Debug;
		};
		880A7EF423829F3E005425AE /* Release */ = {
			isa = XCBuildConfiguration;
			buildSettings = {
				ALWAYS_SEARCH_USER_PATHS = NO;
				CLANG_ANALYZER_NONNULL = YES;
				CLANG_ANALYZER_NUMBER_OBJECT_CONVERSION = YES_AGGRESSIVE;
				CLANG_CXX_LANGUAGE_STANDARD = "gnu++14";
				CLANG_CXX_LIBRARY = "libc++";
				CLANG_ENABLE_MODULES = YES;
				CLANG_ENABLE_OBJC_ARC = YES;
				CLANG_ENABLE_OBJC_WEAK = YES;
				CLANG_WARN_BLOCK_CAPTURE_AUTORELEASING = YES;
				CLANG_WARN_BOOL_CONVERSION = YES;
				CLANG_WARN_COMMA = YES;
				CLANG_WARN_CONSTANT_CONVERSION = YES;
				CLANG_WARN_DEPRECATED_OBJC_IMPLEMENTATIONS = YES;
				CLANG_WARN_DIRECT_OBJC_ISA_USAGE = YES_ERROR;
				CLANG_WARN_DOCUMENTATION_COMMENTS = YES;
				CLANG_WARN_EMPTY_BODY = YES;
				CLANG_WARN_ENUM_CONVERSION = YES;
				CLANG_WARN_INFINITE_RECURSION = YES;
				CLANG_WARN_INT_CONVERSION = YES;
				CLANG_WARN_NON_LITERAL_NULL_CONVERSION = YES;
				CLANG_WARN_OBJC_IMPLICIT_RETAIN_SELF = YES;
				CLANG_WARN_OBJC_LITERAL_CONVERSION = YES;
				CLANG_WARN_OBJC_ROOT_CLASS = YES_ERROR;
				CLANG_WARN_RANGE_LOOP_ANALYSIS = YES;
				CLANG_WARN_STRICT_PROTOTYPES = YES;
				CLANG_WARN_SUSPICIOUS_MOVE = YES;
				CLANG_WARN_UNGUARDED_AVAILABILITY = YES_AGGRESSIVE;
				CLANG_WARN_UNREACHABLE_CODE = YES;
				CLANG_WARN__DUPLICATE_METHOD_MATCH = YES;
				COPY_PHASE_STRIP = NO;
				DEBUG_INFORMATION_FORMAT = "dwarf-with-dsym";
				ENABLE_NS_ASSERTIONS = NO;
				ENABLE_STRICT_OBJC_MSGSEND = YES;
				GCC_C_LANGUAGE_STANDARD = gnu11;
				GCC_NO_COMMON_BLOCKS = YES;
				GCC_WARN_64_TO_32_BIT_CONVERSION = YES;
				GCC_WARN_ABOUT_RETURN_TYPE = YES_ERROR;
				GCC_WARN_UNDECLARED_SELECTOR = YES;
				GCC_WARN_UNINITIALIZED_AUTOS = YES_AGGRESSIVE;
				GCC_WARN_UNUSED_FUNCTION = YES;
				GCC_WARN_UNUSED_VARIABLE = YES;
				IPHONEOS_DEPLOYMENT_TARGET = 13.0;
				MTL_ENABLE_DEBUG_INFO = NO;
				MTL_FAST_MATH = YES;
				SDKROOT = iphoneos;
				SWIFT_COMPILATION_MODE = wholemodule;
				SWIFT_OPTIMIZATION_LEVEL = "-O";
				VALIDATE_PRODUCT = YES;
			};
			name = Release;
		};
		880A7EF623829F3E005425AE /* Debug */ = {
			isa = XCBuildConfiguration;
			baseConfigurationReference = B90088343ECC6B1784E46C3C /* Pods-Gasungbi.debug.xcconfig */;
			buildSettings = {
				ASSETCATALOG_COMPILER_APPICON_NAME = AppIcon;
				CODE_SIGN_STYLE = Automatic;
				DEVELOPMENT_TEAM = QQV87QB6K4;
				INFOPLIST_FILE = Gasungbi/Info.plist;
				LD_RUNPATH_SEARCH_PATHS = (
					"$(inherited)",
					"@executable_path/Frameworks",
				);
				PRODUCT_BUNDLE_IDENTIFIER = com.sunmiya.gasungbi;
				PRODUCT_NAME = "$(TARGET_NAME)";
				SWIFT_VERSION = 5.0;
				TARGETED_DEVICE_FAMILY = "1,2";
			};
			name = Debug;
		};
		880A7EF723829F3E005425AE /* Release */ = {
			isa = XCBuildConfiguration;
			baseConfigurationReference = B74267E45E7356C824D07D06 /* Pods-Gasungbi.release.xcconfig */;
			buildSettings = {
				ASSETCATALOG_COMPILER_APPICON_NAME = AppIcon;
				CODE_SIGN_STYLE = Automatic;
				DEVELOPMENT_TEAM = QQV87QB6K4;
				INFOPLIST_FILE = Gasungbi/Info.plist;
				LD_RUNPATH_SEARCH_PATHS = (
					"$(inherited)",
					"@executable_path/Frameworks",
				);
				PRODUCT_BUNDLE_IDENTIFIER = com.sunmiya.gasungbi;
				PRODUCT_NAME = "$(TARGET_NAME)";
				SWIFT_VERSION = 5.0;
				TARGETED_DEVICE_FAMILY = "1,2";
			};
			name = Release;
		};
/* End XCBuildConfiguration section */

/* Begin XCConfigurationList section */
		880A7ED923829F3C005425AE /* Build configuration list for PBXProject "Gasungbi" */ = {
			isa = XCConfigurationList;
			buildConfigurations = (
				880A7EF323829F3E005425AE /* Debug */,
				880A7EF423829F3E005425AE /* Release */,
			);
			defaultConfigurationIsVisible = 0;
			defaultConfigurationName = Release;
		};
		880A7EF523829F3E005425AE /* Build configuration list for PBXNativeTarget "Gasungbi" */ = {
			isa = XCConfigurationList;
			buildConfigurations = (
				880A7EF623829F3E005425AE /* Debug */,
				880A7EF723829F3E005425AE /* Release */,
			);
			defaultConfigurationIsVisible = 0;
			defaultConfigurationName = Release;
		};
/* End XCConfigurationList section */

/* Begin XCVersionGroup section */
		88699C95239FB09D00BBF56A /* GabiM.xcdatamodeld */ = {
			isa = XCVersionGroup;
			children = (
				88699C96239FB09D00BBF56A /* GabiM.xcdatamodel */,
			);
			currentVersion = 88699C96239FB09D00BBF56A /* GabiM.xcdatamodel */;
			path = GabiM.xcdatamodeld;
			sourceTree = "<group>";
			versionGroupType = wrapper.xcdatamodel;
		};
/* End XCVersionGroup section */
	};
	rootObject = 880A7ED623829F3C005425AE /* Project object */;
}
